
Microsoft Visual Studio Solution File, Format Version 12.00
# Visual Studio Version 17
VisualStudioVersion = 17.0.31903.59
MinimumVisualStudioVersion = 10.0.40219.1
Project("{FAE04EC0-301F-11D3-BF4B-00C04F79EFBC}") = "OneCore.Api", "OneCore.Api\OneCore.Api.csproj", "{4DB90A45-E1A6-4550-AC62-453AF7272473}"
EndProject
Project("{FAE04EC0-301F-11D3-BF4B-00C04F79EFBC}") = "OneCore.Application", "OneCore.Application\OneCore.Application.csproj", "{F9A6A8AD-76EF-4D8B-8538-1937FCCD9B70}"
EndProject
Project("{FAE04EC0-301F-11D3-BF4B-00C04F79EFBC}") = "OneCore.Contracts", "OneCore.Contracts\OneCore.Contracts.csproj", "{B9D9B09D-FAB1-450C-AA34-217D81C83D3B}"
EndProject
Project("{FAE04EC0-301F-11D3-BF4B-00C04F79EFBC}") = "OneCore.Domain", "OneCore.Domain\OneCore.Domain.csproj", "{CE2D7630-064E-4E49-B380-1B07F522CEDA}"
EndProject
Project("{FAE04EC0-301F-11D3-BF4B-00C04F79EFBC}") = "OneCore.Infrastructure", "OneCore.Infrastructure\OneCore.Infrastructure.csproj", "{77310942-E904-4B02-92ED-76883488D253}"
EndProject
Global
	GlobalSection(SolutionConfigurationPlatforms) = preSolution
		Debug|Any CPU = Debug|Any CPU
		Release|Any CPU = Release|Any CPU
	EndGlobalSection
	GlobalSection(SolutionProperties) = preSolution
		HideSolutionNode = FALSE
	EndGlobalSection
	GlobalSection(ProjectConfigurationPlatforms) = postSolution
		{4DB90A45-E1A6-4550-AC62-453AF7272473}.Debug|Any CPU.ActiveCfg = Debug|Any CPU
		{4DB90A45-E1A6-4550-AC62-453AF7272473}.Debug|Any CPU.Build.0 = Debug|Any CPU
		{4DB90A45-E1A6-4550-AC62-453AF7272473}.Release|Any CPU.ActiveCfg = Release|Any CPU
		{4DB90A45-E1A6-4550-AC62-453AF7272473}.Release|Any CPU.Build.0 = Release|Any CPU
		{F9A6A8AD-76EF-4D8B-8538-1937FCCD9B70}.Debug|Any CPU.ActiveCfg = Debug|Any CPU
		{F9A6A8AD-76EF-4D8B-8538-1937FCCD9B70}.Debug|Any CPU.Build.0 = Debug|Any CPU
		{F9A6A8AD-76EF-4D8B-8538-1937FCCD9B70}.Release|Any CPU.ActiveCfg = Release|Any CPU
		{F9A6A8AD-76EF-4D8B-8538-1937FCCD9B70}.Release|Any CPU.Build.0 = Release|Any CPU
		{B9D9B09D-FAB1-450C-AA34-217D81C83D3B}.Debug|Any CPU.ActiveCfg = Debug|Any CPU
		{B9D9B09D-FAB1-450C-AA34-217D81C83D3B}.Debug|Any CPU.Build.0 = Debug|Any CPU
		{B9D9B09D-FAB1-450C-AA34-217D81C83D3B}.Release|Any CPU.ActiveCfg = Release|Any CPU
		{B9D9B09D-FAB1-450C-AA34-217D81C83D3B}.Release|Any CPU.Build.0 = Release|Any CPU
		{CE2D7630-064E-4E49-B380-1B07F522CEDA}.Debug|Any CPU.ActiveCfg = Debug|Any CPU
		{CE2D7630-064E-4E49-B380-1B07F522CEDA}.Debug|Any CPU.Build.0 = Debug|Any CPU
		{CE2D7630-064E-4E49-B380-1B07F522CEDA}.Release|Any CPU.ActiveCfg = Release|Any CPU
		{CE2D7630-064E-4E49-B380-1B07F522CEDA}.Release|Any CPU.Build.0 = Release|Any CPU
		{77310942-E904-4B02-92ED-76883488D253}.Debug|Any CPU.ActiveCfg = Debug|Any CPU
		{77310942-E904-4B02-92ED-76883488D253}.Debug|Any CPU.Build.0 = Debug|Any CPU
		{77310942-E904-4B02-92ED-76883488D253}.Release|Any CPU.ActiveCfg = Release|Any CPU
		{77310942-E904-4B02-92ED-76883488D253}.Release|Any CPU.Build.0 = Release|Any CPU
	EndGlobalSection
EndGlobal
